
Microsoft Visual Studio Solution File, Format Version 12.00
# Visual Studio Version 17
VisualStudioVersion = 17.2.32602.215
MinimumVisualStudioVersion = 10.0.40219.1
Project("{FAE04EC0-301F-11D3-BF4B-00C04F79EFBC}") = "RobotsVDinos", "RobotsVDinos\RobotsVDinos.csproj", "{BAAB41A6-66FC-42F9-9819-19C6353436BD}"
EndProject
Global
	GlobalSection(SolutionConfigurationPlatforms) = preSolution
		Debug|Any CPU = Debug|Any CPU
		Release|Any CPU = Release|Any CPU
	EndGlobalSection
	GlobalSection(ProjectConfigurationPlatforms) = postSolution
		{BAAB41A6-66FC-42F9-9819-19C6353436BD}.Debug|Any CPU.ActiveCfg = Debug|Any CPU
		{BAAB41A6-66FC-42F9-9819-19C6353436BD}.Debug|Any CPU.Build.0 = Debug|Any CPU
		{BAAB41A6-66FC-42F9-9819-19C6353436BD}.Release|Any CPU.ActiveCfg = Release|Any CPU
		{BAAB41A6-66FC-42F9-9819-19C6353436BD}.Release|Any CPU.Build.0 = Release|Any CPU
	EndGlobalSection
	GlobalSection(SolutionProperties) = preSolution
		HideSolutionNode = FALSE
	EndGlobalSection
	GlobalSection(ExtensibilityGlobals) = postSolution
		SolutionGuid = {FEA0E5B1-B955-4BE5-87C8-FC487856C0D0}
	EndGlobalSection
EndGlobal
